
Microsoft Visual Studio Solution File, Format Version 12.00
# Visual Studio Version 16
VisualStudioVersion = 16.0.31624.102
MinimumVisualStudioVersion = 10.0.40219.1
Project("{8BC9CEB8-8B4A-11D0-8D11-00A0C91BC942}") = "PriorityQueue", "PriorityQueue\PriorityQueue.vcxproj", "{FDD4222F-9A73-4DD2-84F5-0E530AB44BBC}"
EndProject
Global
	GlobalSection(SolutionConfigurationPlatforms) = preSolution
		Debug|x64 = Debug|x64
		Debug|x86 = Debug|x86
		Release|x64 = Release|x64
		Release|x86 = Release|x86
	EndGlobalSection
	GlobalSection(ProjectConfigurationPlatforms) = postSolution
		{FDD4222F-9A73-4DD2-84F5-0E530AB44BBC}.Debug|x64.ActiveCfg = Debug|x64
		{FDD4222F-9A73-4DD2-84F5-0E530AB44BBC}.Debug|x64.Build.0 = Debug|x64
		{FDD4222F-9A73-4DD2-84F5-0E530AB44BBC}.Debug|x86.ActiveCfg = Debug|Win32
		{FDD4222F-9A73-4DD2-84F5-0E530AB44BBC}.Debug|x86.Build.0 = Debug|Win32
		{FDD4222F-9A73-4DD2-84F5-0E530AB44BBC}.Release|x64.ActiveCfg = Release|x64
		{FDD4222F-9A73-4DD2-84F5-0E530AB44BBC}.Release|x64.Build.0 = Release|x64
		{FDD4222F-9A73-4DD2-84F5-0E530AB44BBC}.Release|x86.ActiveCfg = Release|Win32
		{FDD4222F-9A73-4DD2-84F5-0E530AB44BBC}.Release|x86.Build.0 = Release|Win32
	EndGlobalSection
	GlobalSection(SolutionProperties) = preSolution
		HideSolutionNode = FALSE
	EndGlobalSection
	GlobalSection(ExtensibilityGlobals) = postSolution
		SolutionGuid = {AB70F26E-8A5E-426E-B6AD-21D258B36B2A}
	EndGlobalSection
EndGlobal
